
Microsoft Visual Studio Solution File, Format Version 12.00
# Visual Studio Version 17
VisualStudioVersion = 17.10.34916.146
MinimumVisualStudioVersion = 10.0.40219.1
Project("{FAE04EC0-301F-11D3-BF4B-00C04F79EFBC}") = "OOP_Lab4", "OOP_Lab4.csproj", "{0F9C9730-BC1A-415B-8EE5-0AB09633DFAD}"
EndProject
Global
	GlobalSection(SolutionConfigurationPlatforms) = preSolution
		Debug|Any CPU = Debug|Any CPU
		Release|Any CPU = Release|Any CPU
	EndGlobalSection
	GlobalSection(ProjectConfigurationPlatforms) = postSolution
		{0F9C9730-BC1A-415B-8EE5-0AB09633DFAD}.Debug|Any CPU.ActiveCfg = Debug|Any CPU
		{0F9C9730-BC1A-415B-8EE5-0AB09633DFAD}.Debug|Any CPU.Build.0 = Debug|Any CPU
		{0F9C9730-BC1A-415B-8EE5-0AB09633DFAD}.Release|Any CPU.ActiveCfg = Release|Any CPU
		{0F9C9730-BC1A-415B-8EE5-0AB09633DFAD}.Release|Any CPU.Build.0 = Release|Any CPU
	EndGlobalSection
	GlobalSection(SolutionProperties) = preSolution
		HideSolutionNode = FALSE
	EndGlobalSection
	GlobalSection(ExtensibilityGlobals) = postSolution
		SolutionGuid = {6A3ADFB3-6D66-4BA4-8118-FC869275BBA2}
	EndGlobalSection
EndGlobal
